
Microsoft Visual Studio Solution File, Format Version 12.00
Project("{FAE04EC0-301F-11D3-BF4B-00C04F79EFBC}") = "MemoryAllocation2", "MemoryAllocation2\MemoryAllocation2.csproj", "{CB4F6166-CA5C-4AEE-8391-3D04107193EB}"
EndProject
Global
	GlobalSection(SolutionConfigurationPlatforms) = preSolution
		Debug|Any CPU = Debug|Any CPU
		Release|Any CPU = Release|Any CPU
	EndGlobalSection
	GlobalSection(ProjectConfigurationPlatforms) = postSolution
		{CB4F6166-CA5C-4AEE-8391-3D04107193EB}.Debug|Any CPU.ActiveCfg = Debug|Any CPU
		{CB4F6166-CA5C-4AEE-8391-3D04107193EB}.Debug|Any CPU.Build.0 = Debug|Any CPU
		{CB4F6166-CA5C-4AEE-8391-3D04107193EB}.Release|Any CPU.ActiveCfg = Release|Any CPU
		{CB4F6166-CA5C-4AEE-8391-3D04107193EB}.Release|Any CPU.Build.0 = Release|Any CPU
	EndGlobalSection
EndGlobal
